<?xml version="1.0" encoding="utf-8"?>
<Project ToolsVersion="4.0" xmlns="http://schemas.microsoft.com/developer/msbuild/2003">
  <ItemGroup>
    <Filter Include="bootloader">
      <UniqueIdentifier>{4FC737F1-C7A5-4376-A066-2A32D752A2FF}</UniqueIdentifier>
      <Extensions>cpp;c;cc;cxx;c++;cppm;ixx;def;odl;idl;hpj;bat;asm;asmx</Extensions>
    </Filter>
    <Filter Include="bootloader\kernel sectors">
      <UniqueIdentifier>{f6275eb4-85ae-467c-8876-9d45800f9632}</UniqueIdentifier>
    </Filter>
  </ItemGroup>
  <ItemGroup>
    <ClCompile Include="rewrite-mbr.cpp">
      <Filter>bootloader</Filter>
    </ClCompile>
    <ClCompile Include="kernel.cpp">
      <Filter>bootloader\kernel sectors</Filter>
    </ClCompile>
  </ItemGroup>
  <ItemGroup>
    <None Include="boot.asm">
      <Filter>bootloader\kernel sectors</Filter>
    </None>
    <None Include="entry.asm">
      <Filter>bootloader\kernel sectors</Filter>
    </None>
    <None Include="0.asm">
      <Filter>bootloader\kernel sectors</Filter>
    </None>
  </ItemGroup>
  <ItemGroup>
    <ClInclude Include="bootloader.h">
      <Filter>bootloader</Filter>
    </ClInclude>
  </ItemGroup>
</Project>